// !$*UTF8*$!
{
	archiveVersion = 1;
	classes = {
	};
	objectVersion = 56;
	objects = {

/* Begin PBXBuildFile section */
		183AD3CA2A50ACB500AC68D3 /* little_lemon_dinner_menuApp.swift in Sources */ = {isa = PBXBuildFile; fileRef = 183AD3C92A50ACB500AC68D3 /* little_lemon_dinner_menuApp.swift */; };
		183AD3CC2A50ACB500AC68D3 /* ContentView.swift in Sources */ = {isa = PBXBuildFile; fileRef = 183AD3CB2A50ACB500AC68D3 /* ContentView.swift */; };
		183AD3CE2A50ACB700AC68D3 /* Assets.xcassets in Resources */ = {isa = PBXBuildFile; fileRef = 183AD3CD2A50ACB700AC68D3 /* Assets.xcassets */; };
		183AD3D12A50ACB700AC68D3 /* Preview Assets.xcassets in Resources */ = {isa = PBXBuildFile; fileRef = 183AD3D02A50ACB700AC68D3 /* Preview Assets.xcassets */; };
		183AD3DB2A50ACB700AC68D3 /* little_lemon_dinner_menuTests.swift in Sources */ = {isa = PBXBuildFile; fileRef = 183AD3DA2A50ACB700AC68D3 /* little_lemon_dinner_menuTests.swift */; };
		183AD3E52A50ACB700AC68D3 /* little_lemon_dinner_menuUITests.swift in Sources */ = {isa = PBXBuildFile; fileRef = 183AD3E42A50ACB700AC68D3 /* little_lemon_dinner_menuUITests.swift */; };
		183AD3E72A50ACB700AC68D3 /* little_lemon_dinner_menuUITestsLaunchTests.swift in Sources */ = {isa = PBXBuildFile; fileRef = 183AD3E62A50ACB700AC68D3 /* little_lemon_dinner_menuUITestsLaunchTests.swift */; };
		183AD3F42A50ACFE00AC68D3 /* menuItemView.swift in Sources */ = {isa = PBXBuildFile; fileRef = 183AD3F32A50ACFE00AC68D3 /* menuItemView.swift */; };
		183AD3F82A50B02400AC68D3 /* MenuItem.swift in Sources */ = {isa = PBXBuildFile; fileRef = 183AD3F72A50B02400AC68D3 /* MenuItem.swift */; };
		183AD3FA2A50B06600AC68D3 /* MenuCategory.swift in Sources */ = {isa = PBXBuildFile; fileRef = 183AD3F92A50B06600AC68D3 /* MenuCategory.swift */; };
		183AD3FC2A50B08D00AC68D3 /* Ingredients.swift in Sources */ = {isa = PBXBuildFile; fileRef = 183AD3FB2A50B08D00AC68D3 /* Ingredients.swift */; };
		183AD3FE2A50B0D000AC68D3 /* SortBy.swift in Sources */ = {isa = PBXBuildFile; fileRef = 183AD3FD2A50B0D000AC68D3 /* SortBy.swift */; };
		183AD4002A50B0EE00AC68D3 /* Sorting.swift in Sources */ = {isa = PBXBuildFile; fileRef = 183AD3FF2A50B0EE00AC68D3 /* Sorting.swift */; };
		183AD4022A50B13300AC68D3 /* MenuViewViewModel.swift in Sources */ = {isa = PBXBuildFile; fileRef = 183AD4012A50B13300AC68D3 /* MenuViewViewModel.swift */; };
		183AD4042A50B42A00AC68D3 /* LittleLemonLogo.swift in Sources */ = {isa = PBXBuildFile; fileRef = 183AD4032A50B42A00AC68D3 /* LittleLemonLogo.swift */; };
		183AD4062A50C88500AC68D3 /* MenuItemDetailsView.swift in Sources */ = {isa = PBXBuildFile; fileRef = 183AD4052A50C88500AC68D3 /* MenuItemDetailsView.swift */; };
		183AD4082A50C91700AC68D3 /* MenuItemsOptionView.swift in Sources */ = {isa = PBXBuildFile; fileRef = 183AD4072A50C91700AC68D3 /* MenuItemsOptionView.swift */; };
		183AD40A2A50C96300AC68D3 /* MenuItemsView.swift in Sources */ = {isa = PBXBuildFile; fileRef = 183AD4092A50C96300AC68D3 /* MenuItemsView.swift */; };
/* End PBXBuildFile section */

/* Begin PBXContainerItemProxy section */
		183AD3D72A50ACB700AC68D3 /* PBXContainerItemProxy */ = {
			isa = PBXContainerItemProxy;
			containerPortal = 183AD3BE2A50ACB500AC68D3 /* Project object */;
			proxyType = 1;
			remoteGlobalIDString = 183AD3C52A50ACB500AC68D3;
			remoteInfo = "little lemon dinner menu";
		};
		183AD3E12A50ACB700AC68D3 /* PBXContainerItemProxy */ = {
			isa = PBXContainerItemProxy;
			containerPortal = 183AD3BE2A50ACB500AC68D3 /* Project object */;
			proxyType = 1;
			remoteGlobalIDString = 183AD3C52A50ACB500AC68D3;
			remoteInfo = "little lemon dinner menu";
		};
/* End PBXContainerItemProxy section */

/* Begin PBXFileReference section */
		183AD3C62A50ACB500AC68D3 /* little lemon dinner menu.app */ = {isa = PBXFileReference; explicitFileType = wrapper.application; includeInIndex = 0; path = "little lemon dinner menu.app"; sourceTree = BUILT_PRODUCTS_DIR; };
		183AD3C92A50ACB500AC68D3 /* little_lemon_dinner_menuApp.swift */ = {isa = PBXFileReference; lastKnownFileType = sourcecode.swift; path = little_lemon_dinner_menuApp.swift; sourceTree = "<group>"; };
		183AD3CB2A50ACB500AC68D3 /* ContentView.swift */ = {isa = PBXFileReference; lastKnownFileType = sourcecode.swift; path = ContentView.swift; sourceTree = "<group>"; };
		183AD3CD2A50ACB700AC68D3 /* Assets.xcassets */ = {isa = PBXFileReference; lastKnownFileType = folder.assetcatalog; path = Assets.xcassets; sourceTree = "<group>"; };
		183AD3D02A50ACB700AC68D3 /* Preview Assets.xcassets */ = {isa = PBXFileReference; lastKnownFileType = folder.assetcatalog; path = "Preview Assets.xcassets"; sourceTree = "<group>"; };
		183AD3D62A50ACB700AC68D3 /* little lemon dinner menuTests.xctest */ = {isa = PBXFileReference; explicitFileType = wrapper.cfbundle; includeInIndex = 0; path = "little lemon dinner menuTests.xctest"; sourceTree = BUILT_PRODUCTS_DIR; };
		183AD3DA2A50ACB700AC68D3 /* little_lemon_dinner_menuTests.swift */ = {isa = PBXFileReference; lastKnownFileType = sourcecode.swift; path = little_lemon_dinner_menuTests.swift; sourceTree = "<group>"; };
		183AD3E02A50ACB700AC68D3 /* little lemon dinner menuUITests.xctest */ = {isa = PBXFileReference; explicitFileType = wrapper.cfbundle; includeInIndex = 0; path = "little lemon dinner menuUITests.xctest"; sourceTree = BUILT_PRODUCTS_DIR; };
		183AD3E42A50ACB700AC68D3 /* little_lemon_dinner_menuUITests.swift */ = {isa = PBXFileReference; lastKnownFileType = sourcecode.swift; path = little_lemon_dinner_menuUITests.swift; sourceTree = "<group>"; };
		183AD3E62A50ACB700AC68D3 /* little_lemon_dinner_menuUITestsLaunchTests.swift */ = {isa = PBXFileReference; lastKnownFileType = sourcecode.swift; path = little_lemon_dinner_menuUITestsLaunchTests.swift; sourceTree = "<group>"; };
		183AD3F32A50ACFE00AC68D3 /* menuItemView.swift */ = {isa = PBXFileReference; lastKnownFileType = sourcecode.swift; path = menuItemView.swift; sourceTree = "<group>"; };
		183AD3F72A50B02400AC68D3 /* MenuItem.swift */ = {isa = PBXFileReference; lastKnownFileType = sourcecode.swift; path = MenuItem.swift; sourceTree = "<group>"; };
		183AD3F92A50B06600AC68D3 /* MenuCategory.swift */ = {isa = PBXFileReference; lastKnownFileType = sourcecode.swift; path = MenuCategory.swift; sourceTree = "<group>"; };
		183AD3FB2A50B08D00AC68D3 /* Ingredients.swift */ = {isa = PBXFileReference; lastKnownFileType = sourcecode.swift; path = Ingredients.swift; sourceTree = "<group>"; };
		183AD3FD2A50B0D000AC68D3 /* SortBy.swift */ = {isa = PBXFileReference; lastKnownFileType = sourcecode.swift; path = SortBy.swift; sourceTree = "<group>"; };
		183AD3FF2A50B0EE00AC68D3 /* Sorting.swift */ = {isa = PBXFileReference; lastKnownFileType = sourcecode.swift; path = Sorting.swift; sourceTree = "<group>"; };
		183AD4012A50B13300AC68D3 /* MenuViewViewModel.swift */ = {isa = PBXFileReference; lastKnownFileType = sourcecode.swift; path = MenuViewViewModel.swift; sourceTree = "<group>"; };
		183AD4032A50B42A00AC68D3 /* LittleLemonLogo.swift */ = {isa = PBXFileReference; lastKnownFileType = sourcecode.swift; path = LittleLemonLogo.swift; sourceTree = "<group>"; };
		183AD4052A50C88500AC68D3 /* MenuItemDetailsView.swift */ = {isa = PBXFileReference; lastKnownFileType = sourcecode.swift; path = MenuItemDetailsView.swift; sourceTree = "<group>"; };
		183AD4072A50C91700AC68D3 /* MenuItemsOptionView.swift */ = {isa = PBXFileReference; lastKnownFileType = sourcecode.swift; path = MenuItemsOptionView.swift; sourceTree = "<group>"; };
		183AD4092A50C96300AC68D3 /* MenuItemsView.swift */ = {isa = PBXFileReference; lastKnownFileType = sourcecode.swift; path = MenuItemsView.swift; sourceTree = "<group>"; };
		183AD4412A57586A00AC68D3 /* MyPlayground.playground */ = {isa = PBXFileReference; lastKnownFileType = file.playground; path = MyPlayground.playground; sourceTree = "<group>"; xcLanguageSpecificationIdentifier = xcode.lang.swift; };
/* End PBXFileReference section */

/* Begin PBXFrameworksBuildPhase section */
		183AD3C32A50ACB500AC68D3 /* Frameworks */ = {
			isa = PBXFrameworksBuildPhase;
			buildActionMask = 2147483647;
			files = (
			);
			runOnlyForDeploymentPostprocessing = 0;
		};
		183AD3D32A50ACB700AC68D3 /* Frameworks */ = {
			isa = PBXFrameworksBuildPhase;
			buildActionMask = 2147483647;
			files = (
			);
			runOnlyForDeploymentPostprocessing = 0;
		};
		183AD3DD2A50ACB700AC68D3 /* Frameworks */ = {
			isa = PBXFrameworksBuildPhase;
			buildActionMask = 2147483647;
			files = (
			);
			runOnlyForDeploymentPostprocessing = 0;
		};
/* End PBXFrameworksBuildPhase section */

/* Begin PBXGroup section */
		183AD3BD2A50ACB500AC68D3 = {
			isa = PBXGroup;
			children = (
				183AD3C82A50ACB500AC68D3 /* little lemon dinner menu */,
				183AD3D92A50ACB700AC68D3 /* little lemon dinner menuTests */,
				183AD3E32A50ACB700AC68D3 /* little lemon dinner menuUITests */,
				183AD3C72A50ACB500AC68D3 /* Products */,
			);
			sourceTree = "<group>";
		};
		183AD3C72A50ACB500AC68D3 /* Products */ = {
			isa = PBXGroup;
			children = (
				183AD3C62A50ACB500AC68D3 /* little lemon dinner menu.app */,
				183AD3D62A50ACB700AC68D3 /* little lemon dinner menuTests.xctest */,
				183AD3E02A50ACB700AC68D3 /* little lemon dinner menuUITests.xctest */,
			);
			name = Products;
			sourceTree = "<group>";
		};
		183AD3C82A50ACB500AC68D3 /* little lemon dinner menu */ = {
			isa = PBXGroup;
			children = (
				183AD3C92A50ACB500AC68D3 /* little_lemon_dinner_menuApp.swift */,
				183AD3CB2A50ACB500AC68D3 /* ContentView.swift */,
				183AD3F72A50B02400AC68D3 /* MenuItem.swift */,
				183AD3FB2A50B08D00AC68D3 /* Ingredients.swift */,
				183AD3F92A50B06600AC68D3 /* MenuCategory.swift */,
				183AD4012A50B13300AC68D3 /* MenuViewViewModel.swift */,
				183AD3FD2A50B0D000AC68D3 /* SortBy.swift */,
				183AD4032A50B42A00AC68D3 /* LittleLemonLogo.swift */,
				183AD3FF2A50B0EE00AC68D3 /* Sorting.swift */,
				183AD3F32A50ACFE00AC68D3 /* menuItemView.swift */,
				183AD4412A57586A00AC68D3 /* MyPlayground.playground */,
				183AD4092A50C96300AC68D3 /* MenuItemsView.swift */,
				183AD4072A50C91700AC68D3 /* MenuItemsOptionView.swift */,
				183AD4052A50C88500AC68D3 /* MenuItemDetailsView.swift */,
				183AD3CD2A50ACB700AC68D3 /* Assets.xcassets */,
				183AD3CF2A50ACB700AC68D3 /* Preview Content */,
			);
			path = "little lemon dinner menu";
			sourceTree = "<group>";
		};
		183AD3CF2A50ACB700AC68D3 /* Preview Content */ = {
			isa = PBXGroup;
			children = (
				183AD3D02A50ACB700AC68D3 /* Preview Assets.xcassets */,
			);
			path = "Preview Content";
			sourceTree = "<group>";
		};
		183AD3D92A50ACB700AC68D3 /* little lemon dinner menuTests */ = {
			isa = PBXGroup;
			children = (
				183AD3DA2A50ACB700AC68D3 /* little_lemon_dinner_menuTests.swift */,
			);
			path = "little lemon dinner menuTests";
			sourceTree = "<group>";
		};
		183AD3E32A50ACB700AC68D3 /* little lemon dinner menuUITests */ = {
			isa = PBXGroup;
			children = (
				183AD3E42A50ACB700AC68D3 /* little_lemon_dinner_menuUITests.swift */,
				183AD3E62A50ACB700AC68D3 /* little_lemon_dinner_menuUITestsLaunchTests.swift */,
			);
			path = "little lemon dinner menuUITests";
			sourceTree = "<group>";
		};
/* End PBXGroup section */

/* Begin PBXNativeTarget section */
		183AD3C52A50ACB500AC68D3 /* little lemon dinner menu */ = {
			isa = PBXNativeTarget;
			buildConfigurationList = 183AD3EA2A50ACB700AC68D3 /* Build configuration list for PBXNativeTarget "little lemon dinner menu" */;
			buildPhases = (
				183AD3C22A50ACB500AC68D3 /* Sources */,
				183AD3C32A50ACB500AC68D3 /* Frameworks */,
				183AD3C42A50ACB500AC68D3 /* Resources */,
			);
			buildRules = (
			);
			dependencies = (
			);
			name = "little lemon dinner menu";
			productName = "little lemon dinner menu";
			productReference = 183AD3C62A50ACB500AC68D3 /* little lemon dinner menu.app */;
			productType = "com.apple.product-type.application";
		};
		183AD3D52A50ACB700AC68D3 /* little lemon dinner menuTests */ = {
			isa = PBXNativeTarget;
			buildConfigurationList = 183AD3ED2A50ACB700AC68D3 /* Build configuration list for PBXNativeTarget "little lemon dinner menuTests" */;
			buildPhases = (
				183AD3D22A50ACB700AC68D3 /* Sources */,
				183AD3D32A50ACB700AC68D3 /* Frameworks */,
				183AD3D42A50ACB700AC68D3 /* Resources */,
			);
			buildRules = (
			);
			dependencies = (
				183AD3D82A50ACB700AC68D3 /* PBXTargetDependency */,
			);
			name = "little lemon dinner menuTests";
			productName = "little lemon dinner menuTests";
			productReference = 183AD3D62A50ACB700AC68D3 /* little lemon dinner menuTests.xctest */;
			productType = "com.apple.product-type.bundle.unit-test";
		};
		183AD3DF2A50ACB700AC68D3 /* little lemon dinner menuUITests */ = {
			isa = PBXNativeTarget;
			buildConfigurationList = 183AD3F02A50ACB700AC68D3 /* Build configuration list for PBXNativeTarget "little lemon dinner menuUITests" */;
			buildPhases = (
				183AD3DC2A50ACB700AC68D3 /* Sources */,
				183AD3DD2A50ACB700AC68D3 /* Frameworks */,
				183AD3DE2A50ACB700AC68D3 /* Resources */,
			);
			buildRules = (
			);
			dependencies = (
				183AD3E22A50ACB700AC68D3 /* PBXTargetDependency */,
			);
			name = "little lemon dinner menuUITests";
			productName = "little lemon dinner menuUITests";
			productReference = 183AD3E02A50ACB700AC68D3 /* little lemon dinner menuUITests.xctest */;
			productType = "com.apple.product-type.bundle.ui-testing";
		};
/* End PBXNativeTarget section */

/* Begin PBXProject section */
		183AD3BE2A50ACB500AC68D3 /* Project object */ = {
			isa = PBXProject;
			attributes = {
				BuildIndependentTargetsInParallel = 1;
				LastSwiftUpdateCheck = 1430;
				LastUpgradeCheck = 1430;
				TargetAttributes = {
					183AD3C52A50ACB500AC68D3 = {
						CreatedOnToolsVersion = 14.3;
					};
					183AD3D52A50ACB700AC68D3 = {
						CreatedOnToolsVersion = 14.3;
						TestTargetID = 183AD3C52A50ACB500AC68D3;
					};
					183AD3DF2A50ACB700AC68D3 = {
						CreatedOnToolsVersion = 14.3;
						TestTargetID = 183AD3C52A50ACB500AC68D3;
					};
				};
			};
			buildConfigurationList = 183AD3C12A50ACB500AC68D3 /* Build configuration list for PBXProject "little lemon dinner menu" */;
			compatibilityVersion = "Xcode 14.0";
			developmentRegion = en;
			hasScannedForEncodings = 0;
			knownRegions = (
				en,
				Base,
			);
			mainGroup = 183AD3BD2A50ACB500AC68D3;
			productRefGroup = 183AD3C72A50ACB500AC68D3 /* Products */;
			projectDirPath = "";
			projectRoot = "";
			targets = (
				183AD3C52A50ACB500AC68D3 /* little lemon dinner menu */,
				183AD3D52A50ACB700AC68D3 /* little lemon dinner menuTests */,
				183AD3DF2A50ACB700AC68D3 /* little lemon dinner menuUITests */,
			);
		};
/* End PBXProject section */

/* Begin PBXResourcesBuildPhase section */
		183AD3C42A50ACB500AC68D3 /* Resources */ = {
			isa = PBXResourcesBuildPhase;
			buildActionMask = 2147483647;
			files = (
				183AD3D12A50ACB700AC68D3 /* Preview Assets.xcassets in Resources */,
				183AD3CE2A50ACB700AC68D3 /* Assets.xcassets in Resources */,
			);
			runOnlyForDeploymentPostprocessing = 0;
		};
		183AD3D42A50ACB700AC68D3 /* Resources */ = {
			isa = PBXResourcesBuildPhase;
			buildActionMask = 2147483647;
			files = (
			);
			runOnlyForDeploymentPostprocessing = 0;
		};
		183AD3DE2A50ACB700AC68D3 /* Resources */ = {
			isa = PBXResourcesBuildPhase;
			buildActionMask = 2147483647;
			files = (
			);
			runOnlyForDeploymentPostprocessing = 0;
		};
/* End PBXResourcesBuildPhase section */

/* Begin PBXSourcesBuildPhase section */
		183AD3C22A50ACB500AC68D3 /* Sources */ = {
			isa = PBXSourcesBuildPhase;
			buildActionMask = 2147483647;
			files = (
				183AD4042A50B42A00AC68D3 /* LittleLemonLogo.swift in Sources */,
				183AD3CC2A50ACB500AC68D3 /* ContentView.swift in Sources */,
				183AD3F82A50B02400AC68D3 /* MenuItem.swift in Sources */,
				183AD4082A50C91700AC68D3 /* MenuItemsOptionView.swift in Sources */,
				183AD3F42A50ACFE00AC68D3 /* menuItemView.swift in Sources */,
				183AD40A2A50C96300AC68D3 /* MenuItemsView.swift in Sources */,
				183AD3CA2A50ACB500AC68D3 /* little_lemon_dinner_menuApp.swift in Sources */,
				183AD4022A50B13300AC68D3 /* MenuViewViewModel.swift in Sources */,
				183AD3FC2A50B08D00AC68D3 /* Ingredients.swift in Sources */,
				183AD3FA2A50B06600AC68D3 /* MenuCategory.swift in Sources */,
				183AD4002A50B0EE00AC68D3 /* Sorting.swift in Sources */,
				183AD4062A50C88500AC68D3 /* MenuItemDetailsView.swift in Sources */,
				183AD3FE2A50B0D000AC68D3 /* SortBy.swift in Sources */,
			);
			runOnlyForDeploymentPostprocessing = 0;
		};
		183AD3D22A50ACB700AC68D3 /* Sources */ = {
			isa = PBXSourcesBuildPhase;
			buildActionMask = 2147483647;
			files = (
				183AD3DB2A50ACB700AC68D3 /* little_lemon_dinner_menuTests.swift in Sources */,
			);
			runOnlyForDeploymentPostprocessing = 0;
		};
		183AD3DC2A50ACB700AC68D3 /* Sources */ = {
			isa = PBXSourcesBuildPhase;
			buildActionMask = 2147483647;
			files = (
				183AD3E52A50ACB700AC68D3 /* little_lemon_dinner_menuUITests.swift in Sources */,
				183AD3E72A50ACB700AC68D3 /* little_lemon_dinner_menuUITestsLaunchTests.swift in Sources */,
			);
			runOnlyForDeploymentPostprocessing = 0;
		};
/* End PBXSourcesBuildPhase section */

/* Begin PBXTargetDependency section */
		183AD3D82A50ACB700AC68D3 /* PBXTargetDependency */ = {
			isa = PBXTargetDependency;
			target = 183AD3C52A50ACB500AC68D3 /* little lemon dinner menu */;
			targetProxy = 183AD3D72A50ACB700AC68D3 /* PBXContainerItemProxy */;
		};
		183AD3E22A50ACB700AC68D3 /* PBXTargetDependency */ = {
			isa = PBXTargetDependency;
			target = 183AD3C52A50ACB500AC68D3 /* little lemon dinner menu */;
			targetProxy = 183AD3E12A50ACB700AC68D3 /* PBXContainerItemProxy */;
		};
/* End PBXTargetDependency section */

/* Begin XCBuildConfiguration section */
		183AD3E82A50ACB700AC68D3 /* Debug */ = {
			isa = XCBuildConfiguration;
			buildSettings = {
				ALWAYS_SEARCH_USER_PATHS = NO;
				CLANG_ANALYZER_NONNULL = YES;
				CLANG_ANALYZER_NUMBER_OBJECT_CONVERSION = YES_AGGRESSIVE;
				CLANG_CXX_LANGUAGE_STANDARD = "gnu++20";
				CLANG_ENABLE_MODULES = YES;
				CLANG_ENABLE_OBJC_ARC = YES;
				CLANG_ENABLE_OBJC_WEAK = YES;
				CLANG_WARN_BLOCK_CAPTURE_AUTORELEASING = YES;
				CLANG_WARN_BOOL_CONVERSION = YES;
				CLANG_WARN_COMMA = YES;
				CLANG_WARN_CONSTANT_CONVERSION = YES;
				CLANG_WARN_DEPRECATED_OBJC_IMPLEMENTATIONS = YES;
				CLANG_WARN_DIRECT_OBJC_ISA_USAGE = YES_ERROR;
				CLANG_WARN_DOCUMENTATION_COMMENTS = YES;
				CLANG_WARN_EMPTY_BODY = YES;
				CLANG_WARN_ENUM_CONVERSION = YES;
				CLANG_WARN_INFINITE_RECURSION = YES;
				CLANG_WARN_INT_CONVERSION = YES;
				CLANG_WARN_NON_LITERAL_NULL_CONVERSION = YES;
				CLANG_WARN_OBJC_IMPLICIT_RETAIN_SELF = YES;
				CLANG_WARN_OBJC_LITERAL_CONVERSION = YES;
				CLANG_WARN_OBJC_ROOT_CLASS = YES_ERROR;
				CLANG_WARN_QUOTED_INCLUDE_IN_FRAMEWORK_HEADER = YES;
				CLANG_WARN_RANGE_LOOP_ANALYSIS = YES;
				CLANG_WARN_STRICT_PROTOTYPES = YES;
				CLANG_WARN_SUSPICIOUS_MOVE = YES;
				CLANG_WARN_UNGUARDED_AVAILABILITY = YES_AGGRESSIVE;
				CLANG_WARN_UNREACHABLE_CODE = YES;
				CLANG_WARN__DUPLICATE_METHOD_MATCH = YES;
				COPY_PHASE_STRIP = NO;
				DEBUG_INFORMATION_FORMAT = dwarf;
				ENABLE_STRICT_OBJC_MSGSEND = YES;
				ENABLE_TESTABILITY = YES;
				GCC_C_LANGUAGE_STANDARD = gnu11;
				GCC_DYNAMIC_NO_PIC = NO;
				GCC_NO_COMMON_BLOCKS = YES;
				GCC_OPTIMIZATION_LEVEL = 0;
				GCC_PREPROCESSOR_DEFINITIONS = (
					"DEBUG=1",
					"$(inherited)",
				);
				GCC_WARN_64_TO_32_BIT_CONVERSION = YES;
				GCC_WARN_ABOUT_RETURN_TYPE = YES_ERROR;
				GCC_WARN_UNDECLARED_SELECTOR = YES;
				GCC_WARN_UNINITIALIZED_AUTOS = YES_AGGRESSIVE;
				GCC_WARN_UNUSED_FUNCTION = YES;
				GCC_WARN_UNUSED_VARIABLE = YES;
				IPHONEOS_DEPLOYMENT_TARGET = 16.4;
				MTL_ENABLE_DEBUG_INFO = INCLUDE_SOURCE;
				MTL_FAST_MATH = YES;
				ONLY_ACTIVE_ARCH = YES;
				SDKROOT = iphoneos;
				SWIFT_ACTIVE_COMPILATION_CONDITIONS = DEBUG;
				SWIFT_OPTIMIZATION_LEVEL = "-Onone";
			};
			name = Debug;
		};
		183AD3E92A50ACB700AC68D3 /* Release */ = {
			isa = XCBuildConfiguration;
			buildSettings = {
				ALWAYS_SEARCH_USER_PATHS = NO;
				CLANG_ANALYZER_NONNULL = YES;
				CLANG_ANALYZER_NUMBER_OBJECT_CONVERSION = YES_AGGRESSIVE;
				CLANG_CXX_LANGUAGE_STANDARD = "gnu++20";
				CLANG_ENABLE_MODULES = YES;
				CLANG_ENABLE_OBJC_ARC = YES;
				CLANG_ENABLE_OBJC_WEAK = YES;
				CLANG_WARN_BLOCK_CAPTURE_AUTORELEASING = YES;
				CLANG_WARN_BOOL_CONVERSION = YES;
				CLANG_WARN_COMMA = YES;
				CLANG_WARN_CONSTANT_CONVERSION = YES;
				CLANG_WARN_DEPRECATED_OBJC_IMPLEMENTATIONS = YES;
				CLANG_WARN_DIRECT_OBJC_ISA_USAGE = YES_ERROR;
				CLANG_WARN_DOCUMENTATION_COMMENTS = YES;
				CLANG_WARN_EMPTY_BODY = YES;
				CLANG_WARN_ENUM_CONVERSION = YES;
				CLANG_WARN_INFINITE_RECURSION = YES;
				CLANG_WARN_INT_CONVERSION = YES;
				CLANG_WARN_NON_LITERAL_NULL_CONVERSION = YES;
				CLANG_WARN_OBJC_IMPLICIT_RETAIN_SELF = YES;
				CLANG_WARN_OBJC_LITERAL_CONVERSION = YES;
				CLANG_WARN_OBJC_ROOT_CLASS = YES_ERROR;
				CLANG_WARN_QUOTED_INCLUDE_IN_FRAMEWORK_HEADER = YES;
				CLANG_WARN_RANGE_LOOP_ANALYSIS = YES;
				CLANG_WARN_STRICT_PROTOTYPES = YES;
				CLANG_WARN_SUSPICIOUS_MOVE = YES;
				CLANG_WARN_UNGUARDED_AVAILABILITY = YES_AGGRESSIVE;
				CLANG_WARN_UNREACHABLE_CODE = YES;
				CLANG_WARN__DUPLICATE_METHOD_MATCH = YES;
				COPY_PHASE_STRIP = NO;
				DEBUG_INFORMATION_FORMAT = "dwarf-with-dsym";
				ENABLE_NS_ASSERTIONS = NO;
				ENABLE_STRICT_OBJC_MSGSEND = YES;
				GCC_C_LANGUAGE_STANDARD = gnu11;
				GCC_NO_COMMON_BLOCKS = YES;
				GCC_WARN_64_TO_32_BIT_CONVERSION = YES;
				GCC_WARN_ABOUT_RETURN_TYPE = YES_ERROR;
				GCC_WARN_UNDECLARED_SELECTOR = YES;
				GCC_WARN_UNINITIALIZED_AUTOS = YES_AGGRESSIVE;
				GCC_WARN_UNUSED_FUNCTION = YES;
				GCC_WARN_UNUSED_VARIABLE = YES;
				IPHONEOS_DEPLOYMENT_TARGET = 16.4;
				MTL_ENABLE_DEBUG_INFO = NO;
				MTL_FAST_MATH = YES;
				SDKROOT = iphoneos;
				SWIFT_COMPILATION_MODE = wholemodule;
				SWIFT_OPTIMIZATION_LEVEL = "-O";
				VALIDATE_PRODUCT = YES;
			};
			name = Release;
		};
		183AD3EB2A50ACB700AC68D3 /* Debug */ = {
			isa = XCBuildConfiguration;
			buildSettings = {
				ASSETCATALOG_COMPILER_APPICON_NAME = AppIcon;
				ASSETCATALOG_COMPILER_GLOBAL_ACCENT_COLOR_NAME = AccentColor;
				CODE_SIGN_STYLE = Automatic;
				CURRENT_PROJECT_VERSION = 1;
				DEVELOPMENT_ASSET_PATHS = "\"little lemon dinner menu/Preview Content\"";
				ENABLE_PREVIEWS = YES;
				GENERATE_INFOPLIST_FILE = YES;
				INFOPLIST_KEY_UIApplicationSceneManifest_Generation = YES;
				INFOPLIST_KEY_UIApplicationSupportsIndirectInputEvents = YES;
				INFOPLIST_KEY_UILaunchScreen_Generation = YES;
				INFOPLIST_KEY_UISupportedInterfaceOrientations_iPad = "UIInterfaceOrientationPortrait UIInterfaceOrientationPortraitUpsideDown UIInterfaceOrientationLandscapeLeft UIInterfaceOrientationLandscapeRight";
				INFOPLIST_KEY_UISupportedInterfaceOrientations_iPhone = "UIInterfaceOrientationPortrait UIInterfaceOrientationLandscapeLeft UIInterfaceOrientationLandscapeRight";
				LD_RUNPATH_SEARCH_PATHS = (
					"$(inherited)",
					"@executable_path/Frameworks",
				);
				MARKETING_VERSION = 1.0;
				PRODUCT_BUNDLE_IDENTIFIER = "littlelemon.little-lemon-dinner-menu";
				PRODUCT_NAME = "$(TARGET_NAME)";
				SWIFT_EMIT_LOC_STRINGS = YES;
				SWIFT_VERSION = 5.0;
				TARGETED_DEVICE_FAMILY = "1,2";
			};
			name = Debug;
		};
		183AD3EC2A50ACB700AC68D3 /* Release */ = {
			isa = XCBuildConfiguration;
			buildSettings = {
				ASSETCATALOG_COMPILER_APPICON_NAME = AppIcon;
				ASSETCATALOG_COMPILER_GLOBAL_ACCENT_COLOR_NAME = AccentColor;
				CODE_SIGN_STYLE = Automatic;
				CURRENT_PROJECT_VERSION = 1;
				DEVELOPMENT_ASSET_PATHS = "\"little lemon dinner menu/Preview Content\"";
				ENABLE_PREVIEWS = YES;
				GENERATE_INFOPLIST_FILE = YES;
				INFOPLIST_KEY_UIApplicationSceneManifest_Generation = YES;
				INFOPLIST_KEY_UIApplicationSupportsIndirectInputEvents = YES;
				INFOPLIST_KEY_UILaunchScreen_Generation = YES;
				INFOPLIST_KEY_UISupportedInterfaceOrientations_iPad = "UIInterfaceOrientationPortrait UIInterfaceOrientationPortraitUpsideDown UIInterfaceOrientationLandscapeLeft UIInterfaceOrientationLandscapeRight";
				INFOPLIST_KEY_UISupportedInterfaceOrientations_iPhone = "UIInterfaceOrientationPortrait UIInterfaceOrientationLandscapeLeft UIInterfaceOrientationLandscapeRight";
				LD_RUNPATH_SEARCH_PATHS = (
					"$(inherited)",
					"@executable_path/Frameworks",
				);
				MARKETING_VERSION = 1.0;
				PRODUCT_BUNDLE_IDENTIFIER = "littlelemon.little-lemon-dinner-menu";
				PRODUCT_NAME = "$(TARGET_NAME)";
				SWIFT_EMIT_LOC_STRINGS = YES;
				SWIFT_VERSION = 5.0;
				TARGETED_DEVICE_FAMILY = "1,2";
			};
			name = Release;
		};
		183AD3EE2A50ACB700AC68D3 /* Debug */ = {
			isa = XCBuildConfiguration;
			buildSettings = {
				ALWAYS_EMBED_SWIFT_STANDARD_LIBRARIES = YES;
				BUNDLE_LOADER = "$(TEST_HOST)";
				CODE_SIGN_STYLE = Automatic;
				CURRENT_PROJECT_VERSION = 1;
				GENERATE_INFOPLIST_FILE = YES;
				IPHONEOS_DEPLOYMENT_TARGET = 16.4;
				MARKETING_VERSION = 1.0;
				PRODUCT_BUNDLE_IDENTIFIER = "littlelemon.little-lemon-dinner-menuTests";
				PRODUCT_NAME = "$(TARGET_NAME)";
				SWIFT_EMIT_LOC_STRINGS = NO;
				SWIFT_VERSION = 5.0;
				TARGETED_DEVICE_FAMILY = "1,2";
				TEST_HOST = "$(BUILT_PRODUCTS_DIR)/little lemon dinner menu.app/$(BUNDLE_EXECUTABLE_FOLDER_PATH)/little lemon dinner menu";
			};
			name = Debug;
		};
		183AD3EF2A50ACB700AC68D3 /* Release */ = {
			isa = XCBuildConfiguration;
			buildSettings = {
				ALWAYS_EMBED_SWIFT_STANDARD_LIBRARIES = YES;
				BUNDLE_LOADER = "$(TEST_HOST)";
				CODE_SIGN_STYLE = Automatic;
				CURRENT_PROJECT_VERSION = 1;
				GENERATE_INFOPLIST_FILE = YES;
				IPHONEOS_DEPLOYMENT_TARGET = 16.4;
				MARKETING_VERSION = 1.0;
				PRODUCT_BUNDLE_IDENTIFIER = "littlelemon.little-lemon-dinner-menuTests";
				PRODUCT_NAME = "$(TARGET_NAME)";
				SWIFT_EMIT_LOC_STRINGS = NO;
				SWIFT_VERSION = 5.0;
				TARGETED_DEVICE_FAMILY = "1,2";
				TEST_HOST = "$(BUILT_PRODUCTS_DIR)/little lemon dinner menu.app/$(BUNDLE_EXECUTABLE_FOLDER_PATH)/little lemon dinner menu";
			};
			name = Release;
		};
		183AD3F12A50ACB700AC68D3 /* Debug */ = {
			isa = XCBuildConfiguration;
			buildSettings = {
				ALWAYS_EMBED_SWIFT_STANDARD_LIBRARIES = YES;
				CODE_SIGN_STYLE = Automatic;
				CURRENT_PROJECT_VERSION = 1;
				GENERATE_INFOPLIST_FILE = YES;
				MARKETING_VERSION = 1.0;
				PRODUCT_BUNDLE_IDENTIFIER = "littlelemon.little-lemon-dinner-menuUITests";
				PRODUCT_NAME = "$(TARGET_NAME)";
				SWIFT_EMIT_LOC_STRINGS = NO;
				SWIFT_VERSION = 5.0;
				TARGETED_DEVICE_FAMILY = "1,2";
				TEST_TARGET_NAME = "little lemon dinner menu";
			};
			name = Debug;
		};
		183AD3F22A50ACB700AC68D3 /* Release */ = {
			isa = XCBuildConfiguration;
			buildSettings = {
				ALWAYS_EMBED_SWIFT_STANDARD_LIBRARIES = YES;
				CODE_SIGN_STYLE = Automatic;
				CURRENT_PROJECT_VERSION = 1;
				GENERATE_INFOPLIST_FILE = YES;
				MARKETING_VERSION = 1.0;
				PRODUCT_BUNDLE_IDENTIFIER = "littlelemon.little-lemon-dinner-menuUITests";
				PRODUCT_NAME = "$(TARGET_NAME)";
				SWIFT_EMIT_LOC_STRINGS = NO;
				SWIFT_VERSION = 5.0;
				TARGETED_DEVICE_FAMILY = "1,2";
				TEST_TARGET_NAME = "little lemon dinner menu";
			};
			name = Release;
		};
/* End XCBuildConfiguration section */

/* Begin XCConfigurationList section */
		183AD3C12A50ACB500AC68D3 /* Build configuration list for PBXProject "little lemon dinner menu" */ = {
			isa = XCConfigurationList;
			buildConfigurations = (
				183AD3E82A50ACB700AC68D3 /* Debug */,
				183AD3E92A50ACB700AC68D3 /* Release */,
			);
			defaultConfigurationIsVisible = 0;
			defaultConfigurationName = Release;
		};
		183AD3EA2A50ACB700AC68D3 /* Build configuration list for PBXNativeTarget "little lemon dinner menu" */ = {
			isa = XCConfigurationList;
			buildConfigurations = (
				183AD3EB2A50ACB700AC68D3 /* Debug */,
				183AD3EC2A50ACB700AC68D3 /* Release */,
			);
			defaultConfigurationIsVisible = 0;
			defaultConfigurationName = Release;
		};
		183AD3ED2A50ACB700AC68D3 /* Build configuration list for PBXNativeTarget "little lemon dinner menuTests" */ = {
			isa = XCConfigurationList;
			buildConfigurations = (
				183AD3EE2A50ACB700AC68D3 /* Debug */,
				183AD3EF2A50ACB700AC68D3 /* Release */,
			);
			defaultConfigurationIsVisible = 0;
			defaultConfigurationName = Release;
		};
		183AD3F02A50ACB700AC68D3 /* Build configuration list for PBXNativeTarget "little lemon dinner menuUITests" */ = {
			isa = XCConfigurationList;
			buildConfigurations = (
				183AD3F12A50ACB700AC68D3 /* Debug */,
				183AD3F22A50ACB700AC68D3 /* Release */,
			);
			defaultConfigurationIsVisible = 0;
			defaultConfigurationName = Release;
		};
/* End XCConfigurationList section */
	};
	rootObject = 183AD3BE2A50ACB500AC68D3 /* Project object */;
}
